
Microsoft Visual Studio Solution File, Format Version 12.00
# Visual Studio Version 17
VisualStudioVersion = 17.7.34018.315
MinimumVisualStudioVersion = 10.0.40219.1
Project("{9A19103F-16F7-4668-BE54-9A1E7A4F7556}") = "FormulaEvaluator", "FormulaEvaluator\FormulaEvaluator.csproj", "{0CA7738D-4F8E-4819-B010-BB8E652907F1}"
EndProject
Project("{9A19103F-16F7-4668-BE54-9A1E7A4F7556}") = "DependencyGraph", "DependencyGraph\DependencyGraph.csproj", "{4C2CB05B-92DE-4A68-9E4E-613317E88DD2}"
EndProject
Project("{9A19103F-16F7-4668-BE54-9A1E7A4F7556}") = "DependencyGraphTests", "DependencyGraphTests\DependencyGraphTests.csproj", "{8865AB9F-651E-4E5E-86B9-824753B12A21}"
EndProject
Project("{9A19103F-16F7-4668-BE54-9A1E7A4F7556}") = "Formula", "Formula\Formula.csproj", "{14240D0F-97C4-4624-A86D-916FA7149D4F}"
EndProject
Project("{9A19103F-16F7-4668-BE54-9A1E7A4F7556}") = "FormulaTests", "FormulaTests\FormulaTests.csproj", "{CBEED015-7EA6-413C-85B7-AABDDC261DF0}"
EndProject
Project("{9A19103F-16F7-4668-BE54-9A1E7A4F7556}") = "Spreadsheet", "Spreadsheet\Spreadsheet.csproj", "{31E3A7F6-23C6-4BCC-87D1-201E4258500C}"
EndProject
Project("{9A19103F-16F7-4668-BE54-9A1E7A4F7556}") = "SpreadsheetTests", "SpreadsheetTests\SpreadsheetTests.csproj", "{B8E5A960-2A73-426E-BBB0-AE5E18110F1E}"
EndProject
Project("{9A19103F-16F7-4668-BE54-9A1E7A4F7556}") = "SpreadsheetGUI", "SpreadsheetGUI\SpreadsheetGUI.csproj", "{6F76C3F4-E6E0-4C4E-B745-FE2FDE9333D9}"
EndProject
Global
	GlobalSection(SolutionConfigurationPlatforms) = preSolution
		Debug|Any CPU = Debug|Any CPU
		Release|Any CPU = Release|Any CPU
	EndGlobalSection
	GlobalSection(ProjectConfigurationPlatforms) = postSolution
		{0CA7738D-4F8E-4819-B010-BB8E652907F1}.Debug|Any CPU.ActiveCfg = Debug|Any CPU
		{0CA7738D-4F8E-4819-B010-BB8E652907F1}.Debug|Any CPU.Build.0 = Debug|Any CPU
		{0CA7738D-4F8E-4819-B010-BB8E652907F1}.Release|Any CPU.ActiveCfg = Release|Any CPU
		{0CA7738D-4F8E-4819-B010-BB8E652907F1}.Release|Any CPU.Build.0 = Release|Any CPU
		{4C2CB05B-92DE-4A68-9E4E-613317E88DD2}.Debug|Any CPU.ActiveCfg = Debug|Any CPU
		{4C2CB05B-92DE-4A68-9E4E-613317E88DD2}.Debug|Any CPU.Build.0 = Debug|Any CPU
		{4C2CB05B-92DE-4A68-9E4E-613317E88DD2}.Release|Any CPU.ActiveCfg = Release|Any CPU
		{4C2CB05B-92DE-4A68-9E4E-613317E88DD2}.Release|Any CPU.Build.0 = Release|Any CPU
		{8865AB9F-651E-4E5E-86B9-824753B12A21}.Debug|Any CPU.ActiveCfg = Debug|Any CPU
		{8865AB9F-651E-4E5E-86B9-824753B12A21}.Debug|Any CPU.Build.0 = Debug|Any CPU
		{8865AB9F-651E-4E5E-86B9-824753B12A21}.Release|Any CPU.ActiveCfg = Release|Any CPU
		{8865AB9F-651E-4E5E-86B9-824753B12A21}.Release|Any CPU.Build.0 = Release|Any CPU
		{14240D0F-97C4-4624-A86D-916FA7149D4F}.Debug|Any CPU.ActiveCfg = Debug|Any CPU
		{14240D0F-97C4-4624-A86D-916FA7149D4F}.Debug|Any CPU.Build.0 = Debug|Any CPU
		{14240D0F-97C4-4624-A86D-916FA7149D4F}.Release|Any CPU.ActiveCfg = Release|Any CPU
		{14240D0F-97C4-4624-A86D-916FA7149D4F}.Release|Any CPU.Build.0 = Release|Any CPU
		{CBEED015-7EA6-413C-85B7-AABDDC261DF0}.Debug|Any CPU.ActiveCfg = Debug|Any CPU
		{CBEED015-7EA6-413C-85B7-AABDDC261DF0}.Debug|Any CPU.Build.0 = Debug|Any CPU
		{CBEED015-7EA6-413C-85B7-AABDDC261DF0}.Release|Any CPU.ActiveCfg = Release|Any CPU
		{CBEED015-7EA6-413C-85B7-AABDDC261DF0}.Release|Any CPU.Build.0 = Release|Any CPU
		{31E3A7F6-23C6-4BCC-87D1-201E4258500C}.Debug|Any CPU.ActiveCfg = Debug|Any CPU
		{31E3A7F6-23C6-4BCC-87D1-201E4258500C}.Debug|Any CPU.Build.0 = Debug|Any CPU
		{31E3A7F6-23C6-4BCC-87D1-201E4258500C}.Release|Any CPU.ActiveCfg = Release|Any CPU
		{31E3A7F6-23C6-4BCC-87D1-201E4258500C}.Release|Any CPU.Build.0 = Release|Any CPU
		{B8E5A960-2A73-426E-BBB0-AE5E18110F1E}.Debug|Any CPU.ActiveCfg = Debug|Any CPU
		{B8E5A960-2A73-426E-BBB0-AE5E18110F1E}.Debug|Any CPU.Build.0 = Debug|Any CPU
		{B8E5A960-2A73-426E-BBB0-AE5E18110F1E}.Release|Any CPU.ActiveCfg = Release|Any CPU
		{B8E5A960-2A73-426E-BBB0-AE5E18110F1E}.Release|Any CPU.Build.0 = Release|Any CPU
		{6F76C3F4-E6E0-4C4E-B745-FE2FDE9333D9}.Debug|Any CPU.ActiveCfg = Debug|Any CPU
		{6F76C3F4-E6E0-4C4E-B745-FE2FDE9333D9}.Debug|Any CPU.Build.0 = Debug|Any CPU
		{6F76C3F4-E6E0-4C4E-B745-FE2FDE9333D9}.Debug|Any CPU.Deploy.0 = Debug|Any CPU
		{6F76C3F4-E6E0-4C4E-B745-FE2FDE9333D9}.Release|Any CPU.ActiveCfg = Release|Any CPU
		{6F76C3F4-E6E0-4C4E-B745-FE2FDE9333D9}.Release|Any CPU.Build.0 = Release|Any CPU
	EndGlobalSection
	GlobalSection(SolutionProperties) = preSolution
		HideSolutionNode = FALSE
	EndGlobalSection
	GlobalSection(ExtensibilityGlobals) = postSolution
		SolutionGuid = {457F6A53-36DE-48A4-988E-B958A7A8E09F}
	EndGlobalSection
EndGlobal
